
Microsoft Visual Studio Solution File, Format Version 12.00
# Visual Studio Version 17
VisualStudioVersion = 17.7.34031.279
MinimumVisualStudioVersion = 10.0.40219.1
Project("{FAE04EC0-301F-11D3-BF4B-00C04F79EFBC}") = "TurnosSaas", "TurnosSaas\TurnosSaas.csproj", "{07115BD7-161E-467B-9091-65E75DDEB5EF}"
EndProject
Global
	GlobalSection(SolutionConfigurationPlatforms) = preSolution
		Debug|Any CPU = Debug|Any CPU
		Release|Any CPU = Release|Any CPU
	EndGlobalSection
	GlobalSection(ProjectConfigurationPlatforms) = postSolution
		{07115BD7-161E-467B-9091-65E75DDEB5EF}.Debug|Any CPU.ActiveCfg = Debug|Any CPU
		{07115BD7-161E-467B-9091-65E75DDEB5EF}.Debug|Any CPU.Build.0 = Debug|Any CPU
		{07115BD7-161E-467B-9091-65E75DDEB5EF}.Release|Any CPU.ActiveCfg = Release|Any CPU
		{07115BD7-161E-467B-9091-65E75DDEB5EF}.Release|Any CPU.Build.0 = Release|Any CPU
	EndGlobalSection
	GlobalSection(SolutionProperties) = preSolution
		HideSolutionNode = FALSE
	EndGlobalSection
	GlobalSection(ExtensibilityGlobals) = postSolution
		SolutionGuid = {2FC5FF9F-E08A-4F5F-AF08-847D7C79C5C4}
	EndGlobalSection
EndGlobal
